// !$*UTF8*$!
{
	archiveVersion = 1;
	classes = {
	};
	objectVersion = 46;
	objects = {

/* Begin PBXBuildFile section */
		1F6E07523962B9CB266839BF /* Pods_HowMuchTripTests.framework in Frameworks */ = {isa = PBXBuildFile; fileRef = AF7DAEF72538D7A4153A6670 /* Pods_HowMuchTripTests.framework */; };
		630096F21C3ACDD00092F261 /* EmptyStateCell.swift in Sources */ = {isa = PBXBuildFile; fileRef = 630096F11C3ACDD00092F261 /* EmptyStateCell.swift */; };
		63080F391C3D88DE00E07DDA /* AnimationManager.swift in Sources */ = {isa = PBXBuildFile; fileRef = 63080F381C3D88DE00E07DDA /* AnimationManager.swift */; };
		63080F3B1C3D952800E07DDA /* LocationManager.swift in Sources */ = {isa = PBXBuildFile; fileRef = 63080F3A1C3D952800E07DDA /* LocationManager.swift */; };
		63080F3D1C3D9E2700E07DDA /* ContextPopoverManager.swift in Sources */ = {isa = PBXBuildFile; fileRef = 63080F3C1C3D9E2700E07DDA /* ContextPopoverManager.swift */; };
		630B3B4D1C1F283C006F12D2 /* disclosure.png in Resources */ = {isa = PBXBuildFile; fileRef = 630B3B4C1C1F283C006F12D2 /* disclosure.png */; };
		630B3B4F1C1F2869006F12D2 /* CalendarPopoverViewController.swift in Sources */ = {isa = PBXBuildFile; fileRef = 630B3B4E1C1F2869006F12D2 /* CalendarPopoverViewController.swift */; };
		63400F981C20917000D5F29C /* GraphLegendTableViewController.swift in Sources */ = {isa = PBXBuildFile; fileRef = 63400F971C20917000D5F29C /* GraphLegendTableViewController.swift */; };
		63628DD91C2A1FD400B36D0A /* ContextPopoverSetup.swift in Sources */ = {isa = PBXBuildFile; fileRef = 63628DD81C2A1FD400B36D0A /* ContextPopoverSetup.swift */; };
		639028B71C2085F600067A09 /* TripDetail.storyboard in Resources */ = {isa = PBXBuildFile; fileRef = 639028B61C2085F600067A09 /* TripDetail.storyboard */; };
		639FA4821C208C0000FBA7E6 /* GraphLegendCell.swift in Sources */ = {isa = PBXBuildFile; fileRef = 639FA4811C208C0000FBA7E6 /* GraphLegendCell.swift */; };
		63A70FCD1C29C2F3003FCB53 /* ContextPopovers.storyboard in Resources */ = {isa = PBXBuildFile; fileRef = 63A70FCC1C29C2F3003FCB53 /* ContextPopovers.storyboard */; };
		63A70FCF1C29C2FA003FCB53 /* EditValueViewController.swift in Sources */ = {isa = PBXBuildFile; fileRef = 63A70FCE1C29C2FA003FCB53 /* EditValueViewController.swift */; };
		63A70FD21C29C303003FCB53 /* FlightPopoverTableViewController.swift in Sources */ = {isa = PBXBuildFile; fileRef = 63A70FD01C29C303003FCB53 /* FlightPopoverTableViewController.swift */; };
		63A70FD31C29C303003FCB53 /* FlightPopoverViewController.swift in Sources */ = {isa = PBXBuildFile; fileRef = 63A70FD11C29C303003FCB53 /* FlightPopoverViewController.swift */; };
		63A70FD51C29C312003FCB53 /* QPX_EX_APIController.swift in Sources */ = {isa = PBXBuildFile; fileRef = 63A70FD41C29C312003FCB53 /* QPX_EX_APIController.swift */; };
		63A70FD81C29C383003FCB53 /* FullFlight.swift in Sources */ = {isa = PBXBuildFile; fileRef = 63A70FD71C29C383003FCB53 /* FullFlight.swift */; };
		63A70FDA1C29C3A5003FCB53 /* IndividualFlight.swift in Sources */ = {isa = PBXBuildFile; fileRef = 63A70FD91C29C3A5003FCB53 /* IndividualFlight.swift */; };
		63A70FDC1C29F355003FCB53 /* HotelPopoverViewController.swift in Sources */ = {isa = PBXBuildFile; fileRef = 63A70FDB1C29F355003FCB53 /* HotelPopoverViewController.swift */; };
		63A70FDE1C29F378003FCB53 /* HotelPopoverTableViewController.swift in Sources */ = {isa = PBXBuildFile; fileRef = 63A70FDD1C29F378003FCB53 /* HotelPopoverTableViewController.swift */; };
		63AC8B861C3B00D700F2B41C /* DropDownMenuTableViewController.swift in Sources */ = {isa = PBXBuildFile; fileRef = 63AC8B851C3B00D700F2B41C /* DropDownMenuTableViewController.swift */; };
		63AE246D1C1E651B001ECCE9 /* Extensions.swift in Sources */ = {isa = PBXBuildFile; fileRef = 63AE246C1C1E651B001ECCE9 /* Extensions.swift */; };
		63E80D471C35C90F0080D4C5 /* notrips.png in Resources */ = {isa = PBXBuildFile; fileRef = 63E80D461C35C90F0080D4C5 /* notrips.png */; };
		63E80D491C35D6930080D4C5 /* TabBarController.swift in Sources */ = {isa = PBXBuildFile; fileRef = 63E80D481C35D6930080D4C5 /* TabBarController.swift */; };
		63F4E6CE1C23051F0040CFC4 /* DataSource.swift in Sources */ = {isa = PBXBuildFile; fileRef = 63F4E6CD1C23051F0040CFC4 /* DataSource.swift */; };
		86C4D9728457428FD35D8DBB /* Pods_HowMuchTrip.framework in Frameworks */ = {isa = PBXBuildFile; fileRef = 384CB41D2D5FB0031FA17855 /* Pods_HowMuchTrip.framework */; };
		9A75AC5E1C1F54B700258473 /* Validator.swift in Sources */ = {isa = PBXBuildFile; fileRef = 9A75AC5D1C1F54B700258473 /* Validator.swift */; };
		9A8518C31C1DEF98001046EA /* Reachability.swift in Sources */ = {isa = PBXBuildFile; fileRef = 9A8518C21C1DEF98001046EA /* Reachability.swift */; };
		9A8518C51C1DFB9C001046EA /* SuggestedTripCell.swift in Sources */ = {isa = PBXBuildFile; fileRef = 9A8518C41C1DFB9C001046EA /* SuggestedTripCell.swift */; };
		9A8518C71C1DFCFE001046EA /* SuggestedTripsTableViewController.swift in Sources */ = {isa = PBXBuildFile; fileRef = 9A8518C61C1DFCFE001046EA /* SuggestedTripsTableViewController.swift */; };
		9A8518CA1C1E0632001046EA /* suggestedTrips.json in Resources */ = {isa = PBXBuildFile; fileRef = 9A8518C91C1E0632001046EA /* suggestedTrips.json */; };
		9A93D2F71C23399A00496FE1 /* Location.swift in Sources */ = {isa = PBXBuildFile; fileRef = 9A93D2F61C23399A00496FE1 /* Location.swift */; };
		9ADAAABA1C19C26100D26F79 /* AppDelegate.swift in Sources */ = {isa = PBXBuildFile; fileRef = 9ADAAAB91C19C26100D26F79 /* AppDelegate.swift */; };
		9ADAAAC11C19C26100D26F79 /* Main.storyboard in Resources */ = {isa = PBXBuildFile; fileRef = 9ADAAABF1C19C26100D26F79 /* Main.storyboard */; };
		9ADAAAC31C19C26100D26F79 /* Assets.xcassets in Resources */ = {isa = PBXBuildFile; fileRef = 9ADAAAC21C19C26100D26F79 /* Assets.xcassets */; };
		9ADAAAC61C19C26100D26F79 /* LaunchScreen.storyboard in Resources */ = {isa = PBXBuildFile; fileRef = 9ADAAAC41C19C26100D26F79 /* LaunchScreen.storyboard */; };
		9ADAAAD11C19C26100D26F79 /* HowMuchTripTests.swift in Sources */ = {isa = PBXBuildFile; fileRef = 9ADAAAD01C19C26100D26F79 /* HowMuchTripTests.swift */; };
		9ADAAAE11C19CDD200D26F79 /* Trip.swift in Sources */ = {isa = PBXBuildFile; fileRef = 9ADAAAE01C19CDD200D26F79 /* Trip.swift */; };
		9ADAAAE31C19CDE300D26F79 /* Calculator.swift in Sources */ = {isa = PBXBuildFile; fileRef = 9ADAAAE21C19CDE300D26F79 /* Calculator.swift */; };
		9ADAAAE51C19CE0000D26F79 /* FlightSearch.swift in Sources */ = {isa = PBXBuildFile; fileRef = 9ADAAAE41C19CE0000D26F79 /* FlightSearch.swift */; };
		9ADAAAE91C19D65500D26F79 /* SettingsViewController.swift in Sources */ = {isa = PBXBuildFile; fileRef = 9ADAAAE81C19D65500D26F79 /* SettingsViewController.swift */; };
		9ADAAAEB1C19D72C00D26F79 /* TripListTableViewController.swift in Sources */ = {isa = PBXBuildFile; fileRef = 9ADAAAEA1C19D72C00D26F79 /* TripListTableViewController.swift */; };
		9ADAAAED1C19D7ED00D26F79 /* TripDetailViewController.swift in Sources */ = {isa = PBXBuildFile; fileRef = 9ADAAAEC1C19D7ED00D26F79 /* TripDetailViewController.swift */; };
		9ADAAAEF1C19D82200D26F79 /* TripCell.swift in Sources */ = {isa = PBXBuildFile; fileRef = 9ADAAAEE1C19D82200D26F79 /* TripCell.swift */; };
		9ADAAAF31C19E4A000D26F79 /* TripPropertyCell.swift in Sources */ = {isa = PBXBuildFile; fileRef = 9ADAAAF21C19E4A000D26F79 /* TripPropertyCell.swift */; };
		9ADAAAF51C19E4AE00D26F79 /* TripGraphCell.swift in Sources */ = {isa = PBXBuildFile; fileRef = 9ADAAAF41C19E4AE00D26F79 /* TripGraphCell.swift */; };
		9ADAAAF81C19E51F00D26F79 /* CreateTripTableViewController.swift in Sources */ = {isa = PBXBuildFile; fileRef = 9ADAAAF71C19E51F00D26F79 /* CreateTripTableViewController.swift */; };
		9AE10DBC1C29CC4D007E49D0 /* airports.json in Resources */ = {isa = PBXBuildFile; fileRef = 9AE10DBB1C29CC4D007E49D0 /* airports.json */; };
		9AF91D8B1C2455AF0044D57C /* AverageCostsAPIController.swift in Sources */ = {isa = PBXBuildFile; fileRef = 9AF91D8A1C2455AF0044D57C /* AverageCostsAPIController.swift */; };
		9AF91D8D1C2455DF0044D57C /* MapsAPIController.swift in Sources */ = {isa = PBXBuildFile; fileRef = 9AF91D8C1C2455DF0044D57C /* MapsAPIController.swift */; };
		9AF91D8F1C246A330044D57C /* AFAverageCostsAPIController.swift in Sources */ = {isa = PBXBuildFile; fileRef = 9AF91D8E1C246A330044D57C /* AFAverageCostsAPIController.swift */; };
		FE7F79291C1F2521001C6C14 /* Login.storyboard in Resources */ = {isa = PBXBuildFile; fileRef = FE7F79281C1F2521001C6C14 /* Login.storyboard */; };
		FE7F792C1C1F260C001C6C14 /* LoginViewController.swift in Sources */ = {isa = PBXBuildFile; fileRef = FE7F792B1C1F260C001C6C14 /* LoginViewController.swift */; };
		FE7F792E1C1F2620001C6C14 /* SignUpViewController.swift in Sources */ = {isa = PBXBuildFile; fileRef = FE7F792D1C1F2620001C6C14 /* SignUpViewController.swift */; };
		FE7F79301C1F2632001C6C14 /* ResetPasswordViewController.swift in Sources */ = {isa = PBXBuildFile; fileRef = FE7F792F1C1F2632001C6C14 /* ResetPasswordViewController.swift */; };
		FE7F79621C2074E0001C6C14 /* Accounts.framework in Frameworks */ = {isa = PBXBuildFile; fileRef = FE7F793D1C2057FD001C6C14 /* Accounts.framework */; };
		FE7F79631C2074E8001C6C14 /* Social.framework in Frameworks */ = {isa = PBXBuildFile; fileRef = FE7F793F1C205806001C6C14 /* Social.framework */; };
/* End PBXBuildFile section */

/* Begin PBXContainerItemProxy section */
		9ADAAACD1C19C26100D26F79 /* PBXContainerItemProxy */ = {
			isa = PBXContainerItemProxy;
			containerPortal = 9ADAAAAE1C19C26100D26F79 /* Project object */;
			proxyType = 1;
			remoteGlobalIDString = 9ADAAAB51C19C26100D26F79;
			remoteInfo = HowMuchTrip;
		};
/* End PBXContainerItemProxy section */

/* Begin PBXFileReference section */
		384CB41D2D5FB0031FA17855 /* Pods_HowMuchTrip.framework */ = {isa = PBXFileReference; explicitFileType = wrapper.framework; includeInIndex = 0; path = Pods_HowMuchTrip.framework; sourceTree = BUILT_PRODUCTS_DIR; };
		630096F11C3ACDD00092F261 /* EmptyStateCell.swift */ = {isa = PBXFileReference; fileEncoding = 4; lastKnownFileType = sourcecode.swift; path = EmptyStateCell.swift; sourceTree = "<group>"; };
		63080F381C3D88DE00E07DDA /* AnimationManager.swift */ = {isa = PBXFileReference; fileEncoding = 4; lastKnownFileType = sourcecode.swift; path = AnimationManager.swift; sourceTree = "<group>"; };
		63080F3A1C3D952800E07DDA /* LocationManager.swift */ = {isa = PBXFileReference; fileEncoding = 4; lastKnownFileType = sourcecode.swift; path = LocationManager.swift; sourceTree = "<group>"; };
		63080F3C1C3D9E2700E07DDA /* ContextPopoverManager.swift */ = {isa = PBXFileReference; fileEncoding = 4; lastKnownFileType = sourcecode.swift; path = ContextPopoverManager.swift; sourceTree = "<group>"; };
		630B3B4C1C1F283C006F12D2 /* disclosure.png */ = {isa = PBXFileReference; lastKnownFileType = image.png; path = disclosure.png; sourceTree = "<group>"; };
		630B3B4E1C1F2869006F12D2 /* CalendarPopoverViewController.swift */ = {isa = PBXFileReference; fileEncoding = 4; lastKnownFileType = sourcecode.swift; path = CalendarPopoverViewController.swift; sourceTree = "<group>"; };
		63400F971C20917000D5F29C /* GraphLegendTableViewController.swift */ = {isa = PBXFileReference; fileEncoding = 4; lastKnownFileType = sourcecode.swift; path = GraphLegendTableViewController.swift; sourceTree = "<group>"; };
		63628DD81C2A1FD400B36D0A /* ContextPopoverSetup.swift */ = {isa = PBXFileReference; fileEncoding = 4; lastKnownFileType = sourcecode.swift; path = ContextPopoverSetup.swift; sourceTree = "<group>"; };
		639028B61C2085F600067A09 /* TripDetail.storyboard */ = {isa = PBXFileReference; fileEncoding = 4; lastKnownFileType = file.storyboard; path = TripDetail.storyboard; sourceTree = "<group>"; };
		639FA4811C208C0000FBA7E6 /* GraphLegendCell.swift */ = {isa = PBXFileReference; fileEncoding = 4; lastKnownFileType = sourcecode.swift; path = GraphLegendCell.swift; sourceTree = "<group>"; };
		63A70FCC1C29C2F3003FCB53 /* ContextPopovers.storyboard */ = {isa = PBXFileReference; fileEncoding = 4; lastKnownFileType = file.storyboard; path = ContextPopovers.storyboard; sourceTree = "<group>"; };
		63A70FCE1C29C2FA003FCB53 /* EditValueViewController.swift */ = {isa = PBXFileReference; fileEncoding = 4; lastKnownFileType = sourcecode.swift; path = EditValueViewController.swift; sourceTree = "<group>"; };
		63A70FD01C29C303003FCB53 /* FlightPopoverTableViewController.swift */ = {isa = PBXFileReference; fileEncoding = 4; lastKnownFileType = sourcecode.swift; path = FlightPopoverTableViewController.swift; sourceTree = "<group>"; };
		63A70FD11C29C303003FCB53 /* FlightPopoverViewController.swift */ = {isa = PBXFileReference; fileEncoding = 4; lastKnownFileType = sourcecode.swift; path = FlightPopoverViewController.swift; sourceTree = "<group>"; };
		63A70FD41C29C312003FCB53 /* QPX_EX_APIController.swift */ = {isa = PBXFileReference; fileEncoding = 4; lastKnownFileType = sourcecode.swift; path = QPX_EX_APIController.swift; sourceTree = "<group>"; };
		63A70FD71C29C383003FCB53 /* FullFlight.swift */ = {isa = PBXFileReference; fileEncoding = 4; lastKnownFileType = sourcecode.swift; path = FullFlight.swift; sourceTree = "<group>"; };
		63A70FD91C29C3A5003FCB53 /* IndividualFlight.swift */ = {isa = PBXFileReference; fileEncoding = 4; lastKnownFileType = sourcecode.swift; path = IndividualFlight.swift; sourceTree = "<group>"; };
		63A70FDB1C29F355003FCB53 /* HotelPopoverViewController.swift */ = {isa = PBXFileReference; fileEncoding = 4; lastKnownFileType = sourcecode.swift; path = HotelPopoverViewController.swift; sourceTree = "<group>"; };
		63A70FDD1C29F378003FCB53 /* HotelPopoverTableViewController.swift */ = {isa = PBXFileReference; fileEncoding = 4; lastKnownFileType = sourcecode.swift; path = HotelPopoverTableViewController.swift; sourceTree = "<group>"; };
		63AC8B851C3B00D700F2B41C /* DropDownMenuTableViewController.swift */ = {isa = PBXFileReference; fileEncoding = 4; lastKnownFileType = sourcecode.swift; path = DropDownMenuTableViewController.swift; sourceTree = "<group>"; };
		63AE246C1C1E651B001ECCE9 /* Extensions.swift */ = {isa = PBXFileReference; fileEncoding = 4; lastKnownFileType = sourcecode.swift; path = Extensions.swift; sourceTree = "<group>"; };
		63E80D461C35C90F0080D4C5 /* notrips.png */ = {isa = PBXFileReference; lastKnownFileType = image.png; path = notrips.png; sourceTree = "<group>"; };
		63E80D481C35D6930080D4C5 /* TabBarController.swift */ = {isa = PBXFileReference; fileEncoding = 4; lastKnownFileType = sourcecode.swift; path = TabBarController.swift; sourceTree = "<group>"; };
		63F4E6CD1C23051F0040CFC4 /* DataSource.swift */ = {isa = PBXFileReference; fileEncoding = 4; lastKnownFileType = sourcecode.swift; path = DataSource.swift; sourceTree = "<group>"; };
		79B012481EE474F4FCFC105E /* Pods-HowMuchTrip.release.xcconfig */ = {isa = PBXFileReference; includeInIndex = 1; lastKnownFileType = text.xcconfig; name = "Pods-HowMuchTrip.release.xcconfig"; path = "Pods/Target Support Files/Pods-HowMuchTrip/Pods-HowMuchTrip.release.xcconfig"; sourceTree = "<group>"; };
		9A75AC5D1C1F54B700258473 /* Validator.swift */ = {isa = PBXFileReference; fileEncoding = 4; lastKnownFileType = sourcecode.swift; path = Validator.swift; sourceTree = "<group>"; };
		9A8518C21C1DEF98001046EA /* Reachability.swift */ = {isa = PBXFileReference; fileEncoding = 4; lastKnownFileType = sourcecode.swift; path = Reachability.swift; sourceTree = "<group>"; };
		9A8518C41C1DFB9C001046EA /* SuggestedTripCell.swift */ = {isa = PBXFileReference; fileEncoding = 4; lastKnownFileType = sourcecode.swift; path = SuggestedTripCell.swift; sourceTree = "<group>"; };
		9A8518C61C1DFCFE001046EA /* SuggestedTripsTableViewController.swift */ = {isa = PBXFileReference; fileEncoding = 4; lastKnownFileType = sourcecode.swift; path = SuggestedTripsTableViewController.swift; sourceTree = "<group>"; };
		9A8518C91C1E0632001046EA /* suggestedTrips.json */ = {isa = PBXFileReference; fileEncoding = 4; lastKnownFileType = text.json; path = suggestedTrips.json; sourceTree = "<group>"; };
		9A93D2F61C23399A00496FE1 /* Location.swift */ = {isa = PBXFileReference; fileEncoding = 4; lastKnownFileType = sourcecode.swift; path = Location.swift; sourceTree = "<group>"; };
		9ADAAAB61C19C26100D26F79 /* HowMuchTrip.app */ = {isa = PBXFileReference; explicitFileType = wrapper.application; includeInIndex = 0; path = HowMuchTrip.app; sourceTree = BUILT_PRODUCTS_DIR; };
		9ADAAAB91C19C26100D26F79 /* AppDelegate.swift */ = {isa = PBXFileReference; lastKnownFileType = sourcecode.swift; path = AppDelegate.swift; sourceTree = "<group>"; };
		9ADAAAC01C19C26100D26F79 /* Base */ = {isa = PBXFileReference; lastKnownFileType = file.storyboard; name = Base; path = Base.lproj/Main.storyboard; sourceTree = "<group>"; };
		9ADAAAC21C19C26100D26F79 /* Assets.xcassets */ = {isa = PBXFileReference; lastKnownFileType = folder.assetcatalog; path = Assets.xcassets; sourceTree = "<group>"; };
		9ADAAAC51C19C26100D26F79 /* Base */ = {isa = PBXFileReference; lastKnownFileType = file.storyboard; name = Base; path = Base.lproj/LaunchScreen.storyboard; sourceTree = "<group>"; };
		9ADAAAC71C19C26100D26F79 /* Info.plist */ = {isa = PBXFileReference; lastKnownFileType = text.plist.xml; path = Info.plist; sourceTree = "<group>"; };
		9ADAAACC1C19C26100D26F79 /* HowMuchTripTests.xctest */ = {isa = PBXFileReference; explicitFileType = wrapper.cfbundle; includeInIndex = 0; path = HowMuchTripTests.xctest; sourceTree = BUILT_PRODUCTS_DIR; };
		9ADAAAD01C19C26100D26F79 /* HowMuchTripTests.swift */ = {isa = PBXFileReference; lastKnownFileType = sourcecode.swift; path = HowMuchTripTests.swift; sourceTree = "<group>"; };
		9ADAAAD21C19C26100D26F79 /* Info.plist */ = {isa = PBXFileReference; lastKnownFileType = text.plist.xml; path = Info.plist; sourceTree = "<group>"; };
		9ADAAADB1C19C3B600D26F79 /* HowMuchTrip-Bridging-Header.h */ = {isa = PBXFileReference; lastKnownFileType = sourcecode.c.h; path = "HowMuchTrip-Bridging-Header.h"; sourceTree = "<group>"; };
		9ADAAAE01C19CDD200D26F79 /* Trip.swift */ = {isa = PBXFileReference; fileEncoding = 4; lastKnownFileType = sourcecode.swift; path = Trip.swift; sourceTree = "<group>"; };
		9ADAAAE21C19CDE300D26F79 /* Calculator.swift */ = {isa = PBXFileReference; fileEncoding = 4; lastKnownFileType = sourcecode.swift; path = Calculator.swift; sourceTree = "<group>"; };
		9ADAAAE41C19CE0000D26F79 /* FlightSearch.swift */ = {isa = PBXFileReference; fileEncoding = 4; lastKnownFileType = sourcecode.swift; path = FlightSearch.swift; sourceTree = "<group>"; };
		9ADAAAE81C19D65500D26F79 /* SettingsViewController.swift */ = {isa = PBXFileReference; fileEncoding = 4; lastKnownFileType = sourcecode.swift; path = SettingsViewController.swift; sourceTree = "<group>"; };
		9ADAAAEA1C19D72C00D26F79 /* TripListTableViewController.swift */ = {isa = PBXFileReference; fileEncoding = 4; lastKnownFileType = sourcecode.swift; path = TripListTableViewController.swift; sourceTree = "<group>"; };
		9ADAAAEC1C19D7ED00D26F79 /* TripDetailViewController.swift */ = {isa = PBXFileReference; fileEncoding = 4; lastKnownFileType = sourcecode.swift; path = TripDetailViewController.swift; sourceTree = "<group>"; };
		9ADAAAEE1C19D82200D26F79 /* TripCell.swift */ = {isa = PBXFileReference; fileEncoding = 4; lastKnownFileType = sourcecode.swift; path = TripCell.swift; sourceTree = "<group>"; };
		9ADAAAF21C19E4A000D26F79 /* TripPropertyCell.swift */ = {isa = PBXFileReference; fileEncoding = 4; lastKnownFileType = sourcecode.swift; path = TripPropertyCell.swift; sourceTree = "<group>"; };
		9ADAAAF41C19E4AE00D26F79 /* TripGraphCell.swift */ = {isa = PBXFileReference; fileEncoding = 4; lastKnownFileType = sourcecode.swift; path = TripGraphCell.swift; sourceTree = "<group>"; };
		9ADAAAF71C19E51F00D26F79 /* CreateTripTableViewController.swift */ = {isa = PBXFileReference; fileEncoding = 4; lastKnownFileType = sourcecode.swift; path = CreateTripTableViewController.swift; sourceTree = "<group>"; };
		9AE10DBB1C29CC4D007E49D0 /* airports.json */ = {isa = PBXFileReference; fileEncoding = 4; lastKnownFileType = text.json; path = airports.json; sourceTree = "<group>"; };
		9AF91D8A1C2455AF0044D57C /* AverageCostsAPIController.swift */ = {isa = PBXFileReference; fileEncoding = 4; lastKnownFileType = sourcecode.swift; path = AverageCostsAPIController.swift; sourceTree = "<group>"; };
		9AF91D8C1C2455DF0044D57C /* MapsAPIController.swift */ = {isa = PBXFileReference; fileEncoding = 4; lastKnownFileType = sourcecode.swift; path = MapsAPIController.swift; sourceTree = "<group>"; };
		9AF91D8E1C246A330044D57C /* AFAverageCostsAPIController.swift */ = {isa = PBXFileReference; fileEncoding = 4; lastKnownFileType = sourcecode.swift; path = AFAverageCostsAPIController.swift; sourceTree = "<group>"; };
		AF7DAEF72538D7A4153A6670 /* Pods_HowMuchTripTests.framework */ = {isa = PBXFileReference; explicitFileType = wrapper.framework; includeInIndex = 0; path = Pods_HowMuchTripTests.framework; sourceTree = BUILT_PRODUCTS_DIR; };
		B5FF73B3F3FD7F09D27ECE4C /* Pods-HowMuchTripTests.release.xcconfig */ = {isa = PBXFileReference; includeInIndex = 1; lastKnownFileType = text.xcconfig; name = "Pods-HowMuchTripTests.release.xcconfig"; path = "Pods/Target Support Files/Pods-HowMuchTripTests/Pods-HowMuchTripTests.release.xcconfig"; sourceTree = "<group>"; };
		CFB55FE67B2C93C42C52D96D /* Pods-HowMuchTrip.debug.xcconfig */ = {isa = PBXFileReference; includeInIndex = 1; lastKnownFileType = text.xcconfig; name = "Pods-HowMuchTrip.debug.xcconfig"; path = "Pods/Target Support Files/Pods-HowMuchTrip/Pods-HowMuchTrip.debug.xcconfig"; sourceTree = "<group>"; };
		E54D7BB0F9D8CBD9584E111F /* Pods-HowMuchTripTests.debug.xcconfig */ = {isa = PBXFileReference; includeInIndex = 1; lastKnownFileType = text.xcconfig; name = "Pods-HowMuchTripTests.debug.xcconfig"; path = "Pods/Target Support Files/Pods-HowMuchTripTests/Pods-HowMuchTripTests.debug.xcconfig"; sourceTree = "<group>"; };
		FE7F79281C1F2521001C6C14 /* Login.storyboard */ = {isa = PBXFileReference; fileEncoding = 4; lastKnownFileType = file.storyboard; path = Login.storyboard; sourceTree = "<group>"; };
		FE7F792B1C1F260C001C6C14 /* LoginViewController.swift */ = {isa = PBXFileReference; fileEncoding = 4; lastKnownFileType = sourcecode.swift; path = LoginViewController.swift; sourceTree = "<group>"; };
		FE7F792D1C1F2620001C6C14 /* SignUpViewController.swift */ = {isa = PBXFileReference; fileEncoding = 4; lastKnownFileType = sourcecode.swift; path = SignUpViewController.swift; sourceTree = "<group>"; };
		FE7F792F1C1F2632001C6C14 /* ResetPasswordViewController.swift */ = {isa = PBXFileReference; fileEncoding = 4; lastKnownFileType = sourcecode.swift; path = ResetPasswordViewController.swift; sourceTree = "<group>"; };
		FE7F793D1C2057FD001C6C14 /* Accounts.framework */ = {isa = PBXFileReference; lastKnownFileType = wrapper.framework; name = Accounts.framework; path = System/Library/Frameworks/Accounts.framework; sourceTree = SDKROOT; };
		FE7F793F1C205806001C6C14 /* Social.framework */ = {isa = PBXFileReference; lastKnownFileType = wrapper.framework; name = Social.framework; path = System/Library/Frameworks/Social.framework; sourceTree = SDKROOT; };
/* End PBXFileReference section */

/* Begin PBXFrameworksBuildPhase section */
		9ADAAAB31C19C26100D26F79 /* Frameworks */ = {
			isa = PBXFrameworksBuildPhase;
			buildActionMask = 2147483647;
			files = (
				FE7F79631C2074E8001C6C14 /* Social.framework in Frameworks */,
				FE7F79621C2074E0001C6C14 /* Accounts.framework in Frameworks */,
				86C4D9728457428FD35D8DBB /* Pods_HowMuchTrip.framework in Frameworks */,
			);
			runOnlyForDeploymentPostprocessing = 0;
		};
		9ADAAAC91C19C26100D26F79 /* Frameworks */ = {
			isa = PBXFrameworksBuildPhase;
			buildActionMask = 2147483647;
			files = (
				1F6E07523962B9CB266839BF /* Pods_HowMuchTripTests.framework in Frameworks */,
			);
			runOnlyForDeploymentPostprocessing = 0;
		};
/* End PBXFrameworksBuildPhase section */

/* Begin PBXGroup section */
		01CB1F44C2ED108D6997CA66 /* Pods */ = {
			isa = PBXGroup;
			children = (
				CFB55FE67B2C93C42C52D96D /* Pods-HowMuchTrip.debug.xcconfig */,
				79B012481EE474F4FCFC105E /* Pods-HowMuchTrip.release.xcconfig */,
				E54D7BB0F9D8CBD9584E111F /* Pods-HowMuchTripTests.debug.xcconfig */,
				B5FF73B3F3FD7F09D27ECE4C /* Pods-HowMuchTripTests.release.xcconfig */,
			);
			name = Pods;
			sourceTree = "<group>";
		};
		63A70FCB1C29C2E4003FCB53 /* ContextPopovers */ = {
			isa = PBXGroup;
			children = (
				63A70FCC1C29C2F3003FCB53 /* ContextPopovers.storyboard */,
				63628DD81C2A1FD400B36D0A /* ContextPopoverSetup.swift */,
				63A70FDF1C29F38F003FCB53 /* Hotel */,
				63A70FD61C29C37A003FCB53 /* Flight */,
				63A70FCE1C29C2FA003FCB53 /* EditValueViewController.swift */,
				630B3B4E1C1F2869006F12D2 /* CalendarPopoverViewController.swift */,
			);
			name = ContextPopovers;
			sourceTree = "<group>";
		};
		63A70FD61C29C37A003FCB53 /* Flight */ = {
			isa = PBXGroup;
			children = (
				9ADAAAE41C19CE0000D26F79 /* FlightSearch.swift */,
				63A70FD91C29C3A5003FCB53 /* IndividualFlight.swift */,
				63A70FD71C29C383003FCB53 /* FullFlight.swift */,
				63A70FD01C29C303003FCB53 /* FlightPopoverTableViewController.swift */,
				63A70FD11C29C303003FCB53 /* FlightPopoverViewController.swift */,
			);
			name = Flight;
			sourceTree = "<group>";
		};
		63A70FDF1C29F38F003FCB53 /* Hotel */ = {
			isa = PBXGroup;
			children = (
				63A70FDB1C29F355003FCB53 /* HotelPopoverViewController.swift */,
				63A70FDD1C29F378003FCB53 /* HotelPopoverTableViewController.swift */,
			);
			name = Hotel;
			sourceTree = "<group>";
		};
		63AC8B841C3B00B000F2B41C /* CreateTripViewController */ = {
			isa = PBXGroup;
			children = (
				9ADAAAF71C19E51F00D26F79 /* CreateTripTableViewController.swift */,
				63080F3C1C3D9E2700E07DDA /* ContextPopoverManager.swift */,
				63080F3A1C3D952800E07DDA /* LocationManager.swift */,
				63080F381C3D88DE00E07DDA /* AnimationManager.swift */,
				63F4E6CD1C23051F0040CFC4 /* DataSource.swift */,
				63AC8B851C3B00D700F2B41C /* DropDownMenuTableViewController.swift */,
			);
			name = CreateTripViewController;
			sourceTree = "<group>";
		};
		9A8518C81C1E057A001046EA /* Misc */ = {
			isa = PBXGroup;
			children = (
				63E80D461C35C90F0080D4C5 /* notrips.png */,
				9AE10DBB1C29CC4D007E49D0 /* airports.json */,
				9A75AC5D1C1F54B700258473 /* Validator.swift */,
				630B3B4C1C1F283C006F12D2 /* disclosure.png */,
				9A8518C91C1E0632001046EA /* suggestedTrips.json */,
				9A8518C21C1DEF98001046EA /* Reachability.swift */,
				63AE246C1C1E651B001ECCE9 /* Extensions.swift */,
				9ADAAAC21C19C26100D26F79 /* Assets.xcassets */,
				9ADAAAC41C19C26100D26F79 /* LaunchScreen.storyboard */,
				9ADAAAC71C19C26100D26F79 /* Info.plist */,
				9ADAAADB1C19C3B600D26F79 /* HowMuchTrip-Bridging-Header.h */,
			);
			name = Misc;
			sourceTree = "<group>";
		};
		9A93D2F81C233A0100496FE1 /* API Controllers */ = {
			isa = PBXGroup;
			children = (
				63A70FD41C29C312003FCB53 /* QPX_EX_APIController.swift */,
				9AF91D8C1C2455DF0044D57C /* MapsAPIController.swift */,
			);
			name = "API Controllers";
			sourceTree = "<group>";
		};
		9ACDE6AB1C3AEC8400DE6736 /* Unused */ = {
			isa = PBXGroup;
			children = (
				9A93D2F61C23399A00496FE1 /* Location.swift */,
				9AF91D8E1C246A330044D57C /* AFAverageCostsAPIController.swift */,
				9AF91D8A1C2455AF0044D57C /* AverageCostsAPIController.swift */,
			);
			name = Unused;
			sourceTree = "<group>";
		};
		9ADAAAAD1C19C26100D26F79 = {
			isa = PBXGroup;
			children = (
				9ADAAAB81C19C26100D26F79 /* HowMuchTrip */,
				9ADAAACF1C19C26100D26F79 /* HowMuchTripTests */,
				9ADAAAB71C19C26100D26F79 /* Products */,
				01CB1F44C2ED108D6997CA66 /* Pods */,
				CD24ECBA41B1F675B2F99661 /* Frameworks */,
			);
			sourceTree = "<group>";
		};
		9ADAAAB71C19C26100D26F79 /* Products */ = {
			isa = PBXGroup;
			children = (
				9ADAAAB61C19C26100D26F79 /* HowMuchTrip.app */,
				9ADAAACC1C19C26100D26F79 /* HowMuchTripTests.xctest */,
			);
			name = Products;
			sourceTree = "<group>";
		};
		9ADAAAB81C19C26100D26F79 /* HowMuchTrip */ = {
			isa = PBXGroup;
			children = (
				63E80D481C35D6930080D4C5 /* TabBarController.swift */,
				9ADAAAB91C19C26100D26F79 /* AppDelegate.swift */,
				63A70FCB1C29C2E4003FCB53 /* ContextPopovers */,
				9AF548011C2488D100C8E7CE /* Storyboards */,
				FE7F792A1C1F25E4001C6C14 /* Login ViewControllers */,
				9ADAAAF01C19D88000D26F79 /* View Controllers */,
				9ADAAAF11C19D88E00D26F79 /* Models */,
				9A93D2F81C233A0100496FE1 /* API Controllers */,
				9ADAAAF61C19E4C300D26F79 /* Table Cells */,
				9A8518C81C1E057A001046EA /* Misc */,
				9ACDE6AB1C3AEC8400DE6736 /* Unused */,
			);
			path = HowMuchTrip;
			sourceTree = "<group>";
		};
		9ADAAACF1C19C26100D26F79 /* HowMuchTripTests */ = {
			isa = PBXGroup;
			children = (
				9ADAAAD01C19C26100D26F79 /* HowMuchTripTests.swift */,
				9ADAAAD21C19C26100D26F79 /* Info.plist */,
			);
			path = HowMuchTripTests;
			sourceTree = "<group>";
		};
		9ADAAAF01C19D88000D26F79 /* View Controllers */ = {
			isa = PBXGroup;
			children = (
				9A8518C61C1DFCFE001046EA /* SuggestedTripsTableViewController.swift */,
				63AC8B841C3B00B000F2B41C /* CreateTripViewController */,
				9ADAAAEA1C19D72C00D26F79 /* TripListTableViewController.swift */,
				9ADAAAEC1C19D7ED00D26F79 /* TripDetailViewController.swift */,
				9ADAAAE81C19D65500D26F79 /* SettingsViewController.swift */,
				63400F971C20917000D5F29C /* GraphLegendTableViewController.swift */,
			);
			name = "View Controllers";
			sourceTree = "<group>";
		};
		9ADAAAF11C19D88E00D26F79 /* Models */ = {
			isa = PBXGroup;
			children = (
				9ADAAAE01C19CDD200D26F79 /* Trip.swift */,
				9ADAAAE21C19CDE300D26F79 /* Calculator.swift */,
			);
			name = Models;
			sourceTree = "<group>";
		};
		9ADAAAF61C19E4C300D26F79 /* Table Cells */ = {
			isa = PBXGroup;
			children = (
				9ADAAAF41C19E4AE00D26F79 /* TripGraphCell.swift */,
				9ADAAAF21C19E4A000D26F79 /* TripPropertyCell.swift */,
				9ADAAAEE1C19D82200D26F79 /* TripCell.swift */,
				9A8518C41C1DFB9C001046EA /* SuggestedTripCell.swift */,
				639FA4811C208C0000FBA7E6 /* GraphLegendCell.swift */,
				630096F11C3ACDD00092F261 /* EmptyStateCell.swift */,
			);
			name = "Table Cells";
			sourceTree = "<group>";
		};
		9AF548011C2488D100C8E7CE /* Storyboards */ = {
			isa = PBXGroup;
			children = (
				FE7F79281C1F2521001C6C14 /* Login.storyboard */,
				9ADAAABF1C19C26100D26F79 /* Main.storyboard */,
				639028B61C2085F600067A09 /* TripDetail.storyboard */,
			);
			name = Storyboards;
			sourceTree = "<group>";
		};
		CD24ECBA41B1F675B2F99661 /* Frameworks */ = {
			isa = PBXGroup;
			children = (
				FE7F793F1C205806001C6C14 /* Social.framework */,
				FE7F793D1C2057FD001C6C14 /* Accounts.framework */,
				384CB41D2D5FB0031FA17855 /* Pods_HowMuchTrip.framework */,
				AF7DAEF72538D7A4153A6670 /* Pods_HowMuchTripTests.framework */,
			);
			name = Frameworks;
			sourceTree = "<group>";
		};
		FE7F792A1C1F25E4001C6C14 /* Login ViewControllers */ = {
			isa = PBXGroup;
			children = (
				FE7F792B1C1F260C001C6C14 /* LoginViewController.swift */,
				FE7F792D1C1F2620001C6C14 /* SignUpViewController.swift */,
				FE7F792F1C1F2632001C6C14 /* ResetPasswordViewController.swift */,
			);
			name = "Login ViewControllers";
			sourceTree = "<group>";
		};
/* End PBXGroup section */

/* Begin PBXNativeTarget section */
		9ADAAAB51C19C26100D26F79 /* HowMuchTrip */ = {
			isa = PBXNativeTarget;
			buildConfigurationList = 9ADAAAD51C19C26100D26F79 /* Build configuration list for PBXNativeTarget "HowMuchTrip" */;
			buildPhases = (
				9A0203617399C168B40137F7 /* Check Pods Manifest.lock */,
				9ADAAAB21C19C26100D26F79 /* Sources */,
				9ADAAAB31C19C26100D26F79 /* Frameworks */,
				9ADAAAB41C19C26100D26F79 /* Resources */,
				D465474133B59110B8D69CCA /* Embed Pods Frameworks */,
				97C63DADDC93CC50A0C4F250 /* Copy Pods Resources */,
				9A3E83871C36FC070081FFDA /* Fabric/Crashlytics */,
				9ACDE6AA1C3AD98800DE6736 /* Increment Build Number */,
			);
			buildRules = (
			);
			dependencies = (
			);
			name = HowMuchTrip;
			productName = HowMuchTrip;
			productReference = 9ADAAAB61C19C26100D26F79 /* HowMuchTrip.app */;
			productType = "com.apple.product-type.application";
		};
		9ADAAACB1C19C26100D26F79 /* HowMuchTripTests */ = {
			isa = PBXNativeTarget;
			buildConfigurationList = 9ADAAAD81C19C26100D26F79 /* Build configuration list for PBXNativeTarget "HowMuchTripTests" */;
			buildPhases = (
				5041F843146555A1C5B3A66C /* Check Pods Manifest.lock */,
				9ADAAAC81C19C26100D26F79 /* Sources */,
				9ADAAAC91C19C26100D26F79 /* Frameworks */,
				9ADAAACA1C19C26100D26F79 /* Resources */,
				A4D235C446A28086CBA28A98 /* Embed Pods Frameworks */,
				D0EBC87890444A152F7F7D45 /* Copy Pods Resources */,
			);
			buildRules = (
			);
			dependencies = (
				9ADAAACE1C19C26100D26F79 /* PBXTargetDependency */,
			);
			name = HowMuchTripTests;
			productName = HowMuchTripTests;
			productReference = 9ADAAACC1C19C26100D26F79 /* HowMuchTripTests.xctest */;
			productType = "com.apple.product-type.bundle.unit-test";
		};
/* End PBXNativeTarget section */

/* Begin PBXProject section */
		9ADAAAAE1C19C26100D26F79 /* Project object */ = {
			isa = PBXProject;
			attributes = {
				LastSwiftUpdateCheck = 0720;
				LastUpgradeCheck = 0720;
				ORGANIZATIONNAME = HowMuchTrip;
				TargetAttributes = {
					9ADAAAB51C19C26100D26F79 = {
						CreatedOnToolsVersion = 7.2;
						DevelopmentTeam = W89Q7DEDF7;
					};
					9ADAAACB1C19C26100D26F79 = {
						CreatedOnToolsVersion = 7.2;
						TestTargetID = 9ADAAAB51C19C26100D26F79;
					};
				};
			};
			buildConfigurationList = 9ADAAAB11C19C26100D26F79 /* Build configuration list for PBXProject "HowMuchTrip" */;
			compatibilityVersion = "Xcode 3.2";
			developmentRegion = English;
			hasScannedForEncodings = 0;
			knownRegions = (
				en,
				Base,
			);
			mainGroup = 9ADAAAAD1C19C26100D26F79;
			productRefGroup = 9ADAAAB71C19C26100D26F79 /* Products */;
			projectDirPath = "";
			projectRoot = "";
			targets = (
				9ADAAAB51C19C26100D26F79 /* HowMuchTrip */,
				9ADAAACB1C19C26100D26F79 /* HowMuchTripTests */,
			);
		};
/* End PBXProject section */

/* Begin PBXResourcesBuildPhase section */
		9ADAAAB41C19C26100D26F79 /* Resources */ = {
			isa = PBXResourcesBuildPhase;
			buildActionMask = 2147483647;
			files = (
				630B3B4D1C1F283C006F12D2 /* disclosure.png in Resources */,
				63A70FCD1C29C2F3003FCB53 /* ContextPopovers.storyboard in Resources */,
				639028B71C2085F600067A09 /* TripDetail.storyboard in Resources */,
				9AE10DBC1C29CC4D007E49D0 /* airports.json in Resources */,
				9A8518CA1C1E0632001046EA /* suggestedTrips.json in Resources */,
				63E80D471C35C90F0080D4C5 /* notrips.png in Resources */,
				9ADAAAC61C19C26100D26F79 /* LaunchScreen.storyboard in Resources */,
				9ADAAAC31C19C26100D26F79 /* Assets.xcassets in Resources */,
				FE7F79291C1F2521001C6C14 /* Login.storyboard in Resources */,
				9ADAAAC11C19C26100D26F79 /* Main.storyboard in Resources */,
			);
			runOnlyForDeploymentPostprocessing = 0;
		};
		9ADAAACA1C19C26100D26F79 /* Resources */ = {
			isa = PBXResourcesBuildPhase;
			buildActionMask = 2147483647;
			files = (
			);
			runOnlyForDeploymentPostprocessing = 0;
		};
/* End PBXResourcesBuildPhase section */

/* Begin PBXShellScriptBuildPhase section */
		5041F843146555A1C5B3A66C /* Check Pods Manifest.lock */ = {
			isa = PBXShellScriptBuildPhase;
			buildActionMask = 2147483647;
			files = (
			);
			inputPaths = (
			);
			name = "Check Pods Manifest.lock";
			outputPaths = (
			);
			runOnlyForDeploymentPostprocessing = 0;
			shellPath = /bin/sh;
			shellScript = "diff \"${PODS_ROOT}/../Podfile.lock\" \"${PODS_ROOT}/Manifest.lock\" > /dev/null\nif [[ $? != 0 ]] ; then\n    cat << EOM\nerror: The sandbox is not in sync with the Podfile.lock. Run 'pod install' or update your CocoaPods installation.\nEOM\n    exit 1\nfi\n";
			showEnvVarsInLog = 0;
		};
		97C63DADDC93CC50A0C4F250 /* Copy Pods Resources */ = {
			isa = PBXShellScriptBuildPhase;
			buildActionMask = 2147483647;
			files = (
			);
			inputPaths = (
			);
			name = "Copy Pods Resources";
			outputPaths = (
			);
			runOnlyForDeploymentPostprocessing = 0;
			shellPath = /bin/sh;
			shellScript = "\"${SRCROOT}/Pods/Target Support Files/Pods-HowMuchTrip/Pods-HowMuchTrip-resources.sh\"\n";
			showEnvVarsInLog = 0;
		};
		9A0203617399C168B40137F7 /* Check Pods Manifest.lock */ = {
			isa = PBXShellScriptBuildPhase;
			buildActionMask = 2147483647;
			files = (
			);
			inputPaths = (
			);
			name = "Check Pods Manifest.lock";
			outputPaths = (
			);
			runOnlyForDeploymentPostprocessing = 0;
			shellPath = /bin/sh;
			shellScript = "diff \"${PODS_ROOT}/../Podfile.lock\" \"${PODS_ROOT}/Manifest.lock\" > /dev/null\nif [[ $? != 0 ]] ; then\n    cat << EOM\nerror: The sandbox is not in sync with the Podfile.lock. Run 'pod install' or update your CocoaPods installation.\nEOM\n    exit 1\nfi\n";
			showEnvVarsInLog = 0;
		};
		9A3E83871C36FC070081FFDA /* Fabric/Crashlytics */ = {
			isa = PBXShellScriptBuildPhase;
			buildActionMask = 2147483647;
			files = (
			);
			inputPaths = (
			);
			name = Fabric/Crashlytics;
			outputPaths = (
			);
			runOnlyForDeploymentPostprocessing = 0;
			shellPath = /bin/sh;
			shellScript = "\"${PODS_ROOT}/Fabric/run\" 5168260609b7da444ae8bbf360961cc59859dca0 db9c1c1b556a2fe8bbe14c674d4d96be00971b76e05b2ad59c4324e434b7ca8f";
		};
		9ACDE6AA1C3AD98800DE6736 /* Increment Build Number */ = {
			isa = PBXShellScriptBuildPhase;
			buildActionMask = 2147483647;
			files = (
			);
			inputPaths = (
			);
			name = "Increment Build Number";
			outputPaths = (
			);
			runOnlyForDeploymentPostprocessing = 0;
			shellPath = /bin/sh;
			shellScript = "buildNumber=$(/usr/libexec/PlistBuddy -c \"Print CFBundleVersion\" \"${PROJECT_DIR}/${INFOPLIST_FILE}\")\nbuildNumber=$(($buildNumber + 1))\n/usr/libexec/PlistBuddy -c \"Set :CFBundleVersion $buildNumber\" \"${PROJECT_DIR}/${INFOPLIST_FILE}\"";
		};
		A4D235C446A28086CBA28A98 /* Embed Pods Frameworks */ = {
			isa = PBXShellScriptBuildPhase;
			buildActionMask = 2147483647;
			files = (
			);
			inputPaths = (
			);
			name = "Embed Pods Frameworks";
			outputPaths = (
			);
			runOnlyForDeploymentPostprocessing = 0;
			shellPath = /bin/sh;
			shellScript = "\"${SRCROOT}/Pods/Target Support Files/Pods-HowMuchTripTests/Pods-HowMuchTripTests-frameworks.sh\"\n";
			showEnvVarsInLog = 0;
		};
		D0EBC87890444A152F7F7D45 /* Copy Pods Resources */ = {
			isa = PBXShellScriptBuildPhase;
			buildActionMask = 2147483647;
			files = (
			);
			inputPaths = (
			);
			name = "Copy Pods Resources";
			outputPaths = (
			);
			runOnlyForDeploymentPostprocessing = 0;
			shellPath = /bin/sh;
			shellScript = "\"${SRCROOT}/Pods/Target Support Files/Pods-HowMuchTripTests/Pods-HowMuchTripTests-resources.sh\"\n";
			showEnvVarsInLog = 0;
		};
		D465474133B59110B8D69CCA /* Embed Pods Frameworks */ = {
			isa = PBXShellScriptBuildPhase;
			buildActionMask = 2147483647;
			files = (
			);
			inputPaths = (
			);
			name = "Embed Pods Frameworks";
			outputPaths = (
			);
			runOnlyForDeploymentPostprocessing = 0;
			shellPath = /bin/sh;
			shellScript = "\"${SRCROOT}/Pods/Target Support Files/Pods-HowMuchTrip/Pods-HowMuchTrip-frameworks.sh\"\n";
			showEnvVarsInLog = 0;
		};
/* End PBXShellScriptBuildPhase section */

/* Begin PBXSourcesBuildPhase section */
		9ADAAAB21C19C26100D26F79 /* Sources */ = {
			isa = PBXSourcesBuildPhase;
			buildActionMask = 2147483647;
			files = (
				9AF91D8D1C2455DF0044D57C /* MapsAPIController.swift in Sources */,
				9ADAAAE11C19CDD200D26F79 /* Trip.swift in Sources */,
				63400F981C20917000D5F29C /* GraphLegendTableViewController.swift in Sources */,
				63080F391C3D88DE00E07DDA /* AnimationManager.swift in Sources */,
				9ADAAAE51C19CE0000D26F79 /* FlightSearch.swift in Sources */,
				9AF91D8B1C2455AF0044D57C /* AverageCostsAPIController.swift in Sources */,
				630B3B4F1C1F2869006F12D2 /* CalendarPopoverViewController.swift in Sources */,
				9A8518C51C1DFB9C001046EA /* SuggestedTripCell.swift in Sources */,
				63A70FDA1C29C3A5003FCB53 /* IndividualFlight.swift in Sources */,
				63F4E6CE1C23051F0040CFC4 /* DataSource.swift in Sources */,
				9AF91D8F1C246A330044D57C /* AFAverageCostsAPIController.swift in Sources */,
				9ADAAAEB1C19D72C00D26F79 /* TripListTableViewController.swift in Sources */,
				63A70FD81C29C383003FCB53 /* FullFlight.swift in Sources */,
				63A70FDC1C29F355003FCB53 /* HotelPopoverViewController.swift in Sources */,
				63AC8B861C3B00D700F2B41C /* DropDownMenuTableViewController.swift in Sources */,
				63A70FD31C29C303003FCB53 /* FlightPopoverViewController.swift in Sources */,
				63A70FD21C29C303003FCB53 /* FlightPopoverTableViewController.swift in Sources */,
				63628DD91C2A1FD400B36D0A /* ContextPopoverSetup.swift in Sources */,
				9ADAAABA1C19C26100D26F79 /* AppDelegate.swift in Sources */,
				FE7F792E1C1F2620001C6C14 /* SignUpViewController.swift in Sources */,
				9ADAAAEF1C19D82200D26F79 /* TripCell.swift in Sources */,
				630096F21C3ACDD00092F261 /* EmptyStateCell.swift in Sources */,
				9ADAAAED1C19D7ED00D26F79 /* TripDetailViewController.swift in Sources */,
				9A93D2F71C23399A00496FE1 /* Location.swift in Sources */,
				9ADAAAE31C19CDE300D26F79 /* Calculator.swift in Sources */,
				639FA4821C208C0000FBA7E6 /* GraphLegendCell.swift in Sources */,
				FE7F79301C1F2632001C6C14 /* ResetPasswordViewController.swift in Sources */,
				9A8518C71C1DFCFE001046EA /* SuggestedTripsTableViewController.swift in Sources */,
				9A75AC5E1C1F54B700258473 /* Validator.swift in Sources */,
				9ADAAAE91C19D65500D26F79 /* SettingsViewController.swift in Sources */,
				63AE246D1C1E651B001ECCE9 /* Extensions.swift in Sources */,
				63080F3D1C3D9E2700E07DDA /* ContextPopoverManager.swift in Sources */,
				63E80D491C35D6930080D4C5 /* TabBarController.swift in Sources */,
				63A70FCF1C29C2FA003FCB53 /* EditValueViewController.swift in Sources */,
				9ADAAAF31C19E4A000D26F79 /* TripPropertyCell.swift in Sources */,
				FE7F792C1C1F260C001C6C14 /* LoginViewController.swift in Sources */,
				9ADAAAF51C19E4AE00D26F79 /* TripGraphCell.swift in Sources */,
				63A70FDE1C29F378003FCB53 /* HotelPopoverTableViewController.swift in Sources */,
				9ADAAAF81C19E51F00D26F79 /* CreateTripTableViewController.swift in Sources */,
				63080F3B1C3D952800E07DDA /* LocationManager.swift in Sources */,
				9A8518C31C1DEF98001046EA /* Reachability.swift in Sources */,
				63A70FD51C29C312003FCB53 /* QPX_EX_APIController.swift in Sources */,
			);
			runOnlyForDeploymentPostprocessing = 0;
		};
		9ADAAAC81C19C26100D26F79 /* Sources */ = {
			isa = PBXSourcesBuildPhase;
			buildActionMask = 2147483647;
			files = (
				9ADAAAD11C19C26100D26F79 /* HowMuchTripTests.swift in Sources */,
			);
			runOnlyForDeploymentPostprocessing = 0;
		};
/* End PBXSourcesBuildPhase section */

/* Begin PBXTargetDependency section */
		9ADAAACE1C19C26100D26F79 /* PBXTargetDependency */ = {
			isa = PBXTargetDependency;
			target = 9ADAAAB51C19C26100D26F79 /* HowMuchTrip */;
			targetProxy = 9ADAAACD1C19C26100D26F79 /* PBXContainerItemProxy */;
		};
/* End PBXTargetDependency section */

/* Begin PBXVariantGroup section */
		9ADAAABF1C19C26100D26F79 /* Main.storyboard */ = {
			isa = PBXVariantGroup;
			children = (
				9ADAAAC01C19C26100D26F79 /* Base */,
			);
			name = Main.storyboard;
			sourceTree = "<group>";
		};
		9ADAAAC41C19C26100D26F79 /* LaunchScreen.storyboard */ = {
			isa = PBXVariantGroup;
			children = (
				9ADAAAC51C19C26100D26F79 /* Base */,
			);
			name = LaunchScreen.storyboard;
			sourceTree = "<group>";
		};
/* End PBXVariantGroup section */

/* Begin XCBuildConfiguration section */
		9ADAAAD31C19C26100D26F79 /* Debug */ = {
			isa = XCBuildConfiguration;
			buildSettings = {
				ALWAYS_SEARCH_USER_PATHS = NO;
				CLANG_CXX_LANGUAGE_STANDARD = "gnu++0x";
				CLANG_CXX_LIBRARY = "libc++";
				CLANG_ENABLE_MODULES = YES;
				CLANG_ENABLE_OBJC_ARC = YES;
				CLANG_WARN_BOOL_CONVERSION = YES;
				CLANG_WARN_CONSTANT_CONVERSION = YES;
				CLANG_WARN_DIRECT_OBJC_ISA_USAGE = YES_ERROR;
				CLANG_WARN_EMPTY_BODY = YES;
				CLANG_WARN_ENUM_CONVERSION = YES;
				CLANG_WARN_INT_CONVERSION = YES;
				CLANG_WARN_OBJC_ROOT_CLASS = YES_ERROR;
				CLANG_WARN_UNREACHABLE_CODE = YES;
				CLANG_WARN__DUPLICATE_METHOD_MATCH = YES;
				CODE_SIGN_IDENTITY = "iPhone Distribution";
				"CODE_SIGN_IDENTITY[sdk=iphoneos*]" = "iPhone Distribution";
				COPY_PHASE_STRIP = NO;
				DEBUG_INFORMATION_FORMAT = "dwarf-with-dsym";
				ENABLE_STRICT_OBJC_MSGSEND = YES;
				ENABLE_TESTABILITY = YES;
				GCC_C_LANGUAGE_STANDARD = gnu99;
				GCC_DYNAMIC_NO_PIC = NO;
				GCC_NO_COMMON_BLOCKS = YES;
				GCC_OPTIMIZATION_LEVEL = 0;
				GCC_PREPROCESSOR_DEFINITIONS = (
					"DEBUG=1",
					"$(inherited)",
				);
				GCC_WARN_64_TO_32_BIT_CONVERSION = YES;
				GCC_WARN_ABOUT_RETURN_TYPE = YES_ERROR;
				GCC_WARN_UNDECLARED_SELECTOR = YES;
				GCC_WARN_UNINITIALIZED_AUTOS = YES_AGGRESSIVE;
				GCC_WARN_UNUSED_FUNCTION = YES;
				GCC_WARN_UNUSED_VARIABLE = YES;
				IPHONEOS_DEPLOYMENT_TARGET = 9.0;
				MTL_ENABLE_DEBUG_INFO = YES;
				ONLY_ACTIVE_ARCH = YES;
				SDKROOT = iphoneos;
				SWIFT_OPTIMIZATION_LEVEL = "-Onone";
				TARGETED_DEVICE_FAMILY = "1,2";
			};
			name = Debug;
		};
		9ADAAAD41C19C26100D26F79 /* Release */ = {
			isa = XCBuildConfiguration;
			buildSettings = {
				ALWAYS_SEARCH_USER_PATHS = NO;
				CLANG_CXX_LANGUAGE_STANDARD = "gnu++0x";
				CLANG_CXX_LIBRARY = "libc++";
				CLANG_ENABLE_MODULES = YES;
				CLANG_ENABLE_OBJC_ARC = YES;
				CLANG_WARN_BOOL_CONVERSION = YES;
				CLANG_WARN_CONSTANT_CONVERSION = YES;
				CLANG_WARN_DIRECT_OBJC_ISA_USAGE = YES_ERROR;
				CLANG_WARN_EMPTY_BODY = YES;
				CLANG_WARN_ENUM_CONVERSION = YES;
				CLANG_WARN_INT_CONVERSION = YES;
				CLANG_WARN_OBJC_ROOT_CLASS = YES_ERROR;
				CLANG_WARN_UNREACHABLE_CODE = YES;
				CLANG_WARN__DUPLICATE_METHOD_MATCH = YES;
				CODE_SIGN_IDENTITY = "iPhone Distribution";
				"CODE_SIGN_IDENTITY[sdk=iphoneos*]" = "iPhone Distribution";
				COPY_PHASE_STRIP = NO;
				DEBUG_INFORMATION_FORMAT = "dwarf-with-dsym";
				ENABLE_NS_ASSERTIONS = NO;
				ENABLE_STRICT_OBJC_MSGSEND = YES;
				GCC_C_LANGUAGE_STANDARD = gnu99;
				GCC_NO_COMMON_BLOCKS = YES;
				GCC_WARN_64_TO_32_BIT_CONVERSION = YES;
				GCC_WARN_ABOUT_RETURN_TYPE = YES_ERROR;
				GCC_WARN_UNDECLARED_SELECTOR = YES;
				GCC_WARN_UNINITIALIZED_AUTOS = YES_AGGRESSIVE;
				GCC_WARN_UNUSED_FUNCTION = YES;
				GCC_WARN_UNUSED_VARIABLE = YES;
				IPHONEOS_DEPLOYMENT_TARGET = 9.0;
				MTL_ENABLE_DEBUG_INFO = NO;
				SDKROOT = iphoneos;
				TARGETED_DEVICE_FAMILY = "1,2";
				VALIDATE_PRODUCT = YES;
			};
			name = Release;
		};
		9ADAAAD61C19C26100D26F79 /* Debug */ = {
			isa = XCBuildConfiguration;
			baseConfigurationReference = CFB55FE67B2C93C42C52D96D /* Pods-HowMuchTrip.debug.xcconfig */;
			buildSettings = {
				ASSETCATALOG_COMPILER_APPICON_NAME = AppIcon;
				CLANG_ENABLE_MODULES = YES;
				CODE_SIGN_IDENTITY = "iPhone Developer";
				"CODE_SIGN_IDENTITY[sdk=iphoneos*]" = "iPhone Developer";
				FRAMEWORK_SEARCH_PATHS = (
					"$(inherited)",
					"$(PROJECT_DIR)/build/Debug-iphoneos",
					"$(PROJECT_DIR)",
				);
				INFOPLIST_FILE = HowMuchTrip/Info.plist;
				IPHONEOS_DEPLOYMENT_TARGET = 9.1;
				LD_RUNPATH_SEARCH_PATHS = "$(inherited) @executable_path/Frameworks";
				PRODUCT_BUNDLE_IDENTIFIER = com.HowMuchTrip;
				PRODUCT_NAME = "$(TARGET_NAME)";
				PROVISIONING_PROFILE = "";
				SWIFT_OBJC_BRIDGING_HEADER = "HowMuchTrip/HowMuchTrip-Bridging-Header.h";
				SWIFT_OPTIMIZATION_LEVEL = "-Onone";
			};
			name = Debug;
		};
		9ADAAAD71C19C26100D26F79 /* Release */ = {
			isa = XCBuildConfiguration;
			baseConfigurationReference = 79B012481EE474F4FCFC105E /* Pods-HowMuchTrip.release.xcconfig */;
			buildSettings = {
				ASSETCATALOG_COMPILER_APPICON_NAME = AppIcon;
				CLANG_ENABLE_MODULES = YES;
				CODE_SIGN_IDENTITY = "iPhone Developer";
				"CODE_SIGN_IDENTITY[sdk=iphoneos*]" = "iPhone Developer";
				FRAMEWORK_SEARCH_PATHS = (
					"$(inherited)",
					"$(PROJECT_DIR)/build/Debug-iphoneos",
					"$(PROJECT_DIR)",
				);
				INFOPLIST_FILE = HowMuchTrip/Info.plist;
				IPHONEOS_DEPLOYMENT_TARGET = 9.1;
				LD_RUNPATH_SEARCH_PATHS = "$(inherited) @executable_path/Frameworks";
				PRODUCT_BUNDLE_IDENTIFIER = com.HowMuchTrip;
				PRODUCT_NAME = "$(TARGET_NAME)";
				PROVISIONING_PROFILE = "";
				SWIFT_OBJC_BRIDGING_HEADER = "HowMuchTrip/HowMuchTrip-Bridging-Header.h";
			};
			name = Release;
		};
		9ADAAAD91C19C26100D26F79 /* Debug */ = {
			isa = XCBuildConfiguration;
			baseConfigurationReference = E54D7BB0F9D8CBD9584E111F /* Pods-HowMuchTripTests.debug.xcconfig */;
			buildSettings = {
				BUNDLE_LOADER = "$(TEST_HOST)";
				INFOPLIST_FILE = HowMuchTripTests/Info.plist;
				IPHONEOS_DEPLOYMENT_TARGET = 9.1;
				LD_RUNPATH_SEARCH_PATHS = "$(inherited) @executable_path/Frameworks @loader_path/Frameworks";
				PRODUCT_BUNDLE_IDENTIFIER = com.HowMuchTripTests;
				PRODUCT_NAME = "$(TARGET_NAME)";
				TEST_HOST = "$(BUILT_PRODUCTS_DIR)/HowMuchTrip.app/HowMuchTrip";
			};
			name = Debug;
		};
		9ADAAADA1C19C26100D26F79 /* Release */ = {
			isa = XCBuildConfiguration;
			baseConfigurationReference = B5FF73B3F3FD7F09D27ECE4C /* Pods-HowMuchTripTests.release.xcconfig */;
			buildSettings = {
				BUNDLE_LOADER = "$(TEST_HOST)";
				INFOPLIST_FILE = HowMuchTripTests/Info.plist;
				IPHONEOS_DEPLOYMENT_TARGET = 9.1;
				LD_RUNPATH_SEARCH_PATHS = "$(inherited) @executable_path/Frameworks @loader_path/Frameworks";
				PRODUCT_BUNDLE_IDENTIFIER = com.HowMuchTripTests;
				PRODUCT_NAME = "$(TARGET_NAME)";
				TEST_HOST = "$(BUILT_PRODUCTS_DIR)/HowMuchTrip.app/HowMuchTrip";
			};
			name = Release;
		};
/* End XCBuildConfiguration section */

/* Begin XCConfigurationList section */
		9ADAAAB11C19C26100D26F79 /* Build configuration list for PBXProject "HowMuchTrip" */ = {
			isa = XCConfigurationList;
			buildConfigurations = (
				9ADAAAD31C19C26100D26F79 /* Debug */,
				9ADAAAD41C19C26100D26F79 /* Release */,
			);
			defaultConfigurationIsVisible = 0;
			defaultConfigurationName = Release;
		};
		9ADAAAD51C19C26100D26F79 /* Build configuration list for PBXNativeTarget "HowMuchTrip" */ = {
			isa = XCConfigurationList;
			buildConfigurations = (
				9ADAAAD61C19C26100D26F79 /* Debug */,
				9ADAAAD71C19C26100D26F79 /* Release */,
			);
			defaultConfigurationIsVisible = 0;
			defaultConfigurationName = Release;
		};
		9ADAAAD81C19C26100D26F79 /* Build configuration list for PBXNativeTarget "HowMuchTripTests" */ = {
			isa = XCConfigurationList;
			buildConfigurations = (
				9ADAAAD91C19C26100D26F79 /* Debug */,
				9ADAAADA1C19C26100D26F79 /* Release */,
			);
			defaultConfigurationIsVisible = 0;
			defaultConfigurationName = Release;
		};
/* End XCConfigurationList section */
	};
	rootObject = 9ADAAAAE1C19C26100D26F79 /* Project object */;
}
