// !$*UTF8*$!
{
	archiveVersion = 1;
	classes = {
	};
	objectVersion = 46;
	objects = {

/* Begin PBXBuildFile section */
		638603AE1C1B35C3006C0E21 /* AppDelegate.swift in Sources */ = {isa = PBXBuildFile; fileRef = 638603AD1C1B35C3006C0E21 /* AppDelegate.swift */; };
		638603B01C1B35C3006C0E21 /* ViewController.swift in Sources */ = {isa = PBXBuildFile; fileRef = 638603AF1C1B35C3006C0E21 /* ViewController.swift */; };
		638603B31C1B35C3006C0E21 /* Main.storyboard in Resources */ = {isa = PBXBuildFile; fileRef = 638603B11C1B35C3006C0E21 /* Main.storyboard */; };
		638603B51C1B35C3006C0E21 /* Assets.xcassets in Resources */ = {isa = PBXBuildFile; fileRef = 638603B41C1B35C3006C0E21 /* Assets.xcassets */; };
		638603B81C1B35C3006C0E21 /* LaunchScreen.storyboard in Resources */ = {isa = PBXBuildFile; fileRef = 638603B61C1B35C3006C0E21 /* LaunchScreen.storyboard */; };
/* End PBXBuildFile section */

/* Begin PBXFileReference section */
		638603AA1C1B35C3006C0E21 /* CreateTrip.app */ = {isa = PBXFileReference; explicitFileType = wrapper.application; includeInIndex = 0; path = CreateTrip.app; sourceTree = BUILT_PRODUCTS_DIR; };
		638603AD1C1B35C3006C0E21 /* AppDelegate.swift */ = {isa = PBXFileReference; lastKnownFileType = sourcecode.swift; path = AppDelegate.swift; sourceTree = "<group>"; };
		638603AF1C1B35C3006C0E21 /* ViewController.swift */ = {isa = PBXFileReference; lastKnownFileType = sourcecode.swift; path = ViewController.swift; sourceTree = "<group>"; };
		638603B21C1B35C3006C0E21 /* Base */ = {isa = PBXFileReference; lastKnownFileType = file.storyboard; name = Base; path = Base.lproj/Main.storyboard; sourceTree = "<group>"; };
		638603B41C1B35C3006C0E21 /* Assets.xcassets */ = {isa = PBXFileReference; lastKnownFileType = folder.assetcatalog; path = Assets.xcassets; sourceTree = "<group>"; };
		638603B71C1B35C3006C0E21 /* Base */ = {isa = PBXFileReference; lastKnownFileType = file.storyboard; name = Base; path = Base.lproj/LaunchScreen.storyboard; sourceTree = "<group>"; };
		638603B91C1B35C3006C0E21 /* Info.plist */ = {isa = PBXFileReference; lastKnownFileType = text.plist.xml; path = Info.plist; sourceTree = "<group>"; };
/* End PBXFileReference section */

/* Begin PBXFrameworksBuildPhase section */
		638603A71C1B35C3006C0E21 /* Frameworks */ = {
			isa = PBXFrameworksBuildPhase;
			buildActionMask = 2147483647;
			files = (
			);
			runOnlyForDeploymentPostprocessing = 0;
		};
/* End PBXFrameworksBuildPhase section */

/* Begin PBXGroup section */
		638603A11C1B35C3006C0E21 = {
			isa = PBXGroup;
			children = (
				638603AC1C1B35C3006C0E21 /* CreateTrip */,
				638603AB1C1B35C3006C0E21 /* Products */,
			);
			sourceTree = "<group>";
		};
		638603AB1C1B35C3006C0E21 /* Products */ = {
			isa = PBXGroup;
			children = (
				638603AA1C1B35C3006C0E21 /* CreateTrip.app */,
			);
			name = Products;
			sourceTree = "<group>";
		};
		638603AC1C1B35C3006C0E21 /* CreateTrip */ = {
			isa = PBXGroup;
			children = (
				638603AD1C1B35C3006C0E21 /* AppDelegate.swift */,
				638603AF1C1B35C3006C0E21 /* ViewController.swift */,
				638603B11C1B35C3006C0E21 /* Main.storyboard */,
				638603B41C1B35C3006C0E21 /* Assets.xcassets */,
				638603B61C1B35C3006C0E21 /* LaunchScreen.storyboard */,
				638603B91C1B35C3006C0E21 /* Info.plist */,
			);
			path = CreateTrip;
			sourceTree = "<group>";
		};
/* End PBXGroup section */

/* Begin PBXNativeTarget section */
		638603A91C1B35C3006C0E21 /* CreateTrip */ = {
			isa = PBXNativeTarget;
			buildConfigurationList = 638603BC1C1B35C3006C0E21 /* Build configuration list for PBXNativeTarget "CreateTrip" */;
			buildPhases = (
				638603A61C1B35C3006C0E21 /* Sources */,
				638603A71C1B35C3006C0E21 /* Frameworks */,
				638603A81C1B35C3006C0E21 /* Resources */,
			);
			buildRules = (
			);
			dependencies = (
			);
			name = CreateTrip;
			productName = CreateTrip;
			productReference = 638603AA1C1B35C3006C0E21 /* CreateTrip.app */;
			productType = "com.apple.product-type.application";
		};
/* End PBXNativeTarget section */

/* Begin PBXProject section */
		638603A21C1B35C3006C0E21 /* Project object */ = {
			isa = PBXProject;
			attributes = {
				LastSwiftUpdateCheck = 0710;
				LastUpgradeCheck = 0710;
				ORGANIZATIONNAME = david;
				TargetAttributes = {
					638603A91C1B35C3006C0E21 = {
						CreatedOnToolsVersion = 7.1.1;
						DevelopmentTeam = 95P55J7Q5M;
					};
				};
			};
			buildConfigurationList = 638603A51C1B35C3006C0E21 /* Build configuration list for PBXProject "CreateTrip" */;
			compatibilityVersion = "Xcode 3.2";
			developmentRegion = English;
			hasScannedForEncodings = 0;
			knownRegions = (
				en,
				Base,
			);
			mainGroup = 638603A11C1B35C3006C0E21;
			productRefGroup = 638603AB1C1B35C3006C0E21 /* Products */;
			projectDirPath = "";
			projectRoot = "";
			targets = (
				638603A91C1B35C3006C0E21 /* CreateTrip */,
			);
		};
/* End PBXProject section */

/* Begin PBXResourcesBuildPhase section */
		638603A81C1B35C3006C0E21 /* Resources */ = {
			isa = PBXResourcesBuildPhase;
			buildActionMask = 2147483647;
			files = (
				638603B81C1B35C3006C0E21 /* LaunchScreen.storyboard in Resources */,
				638603B51C1B35C3006C0E21 /* Assets.xcassets in Resources */,
				638603B31C1B35C3006C0E21 /* Main.storyboard in Resources */,
			);
			runOnlyForDeploymentPostprocessing = 0;
		};
/* End PBXResourcesBuildPhase section */

/* Begin PBXSourcesBuildPhase section */
		638603A61C1B35C3006C0E21 /* Sources */ = {
			isa = PBXSourcesBuildPhase;
			buildActionMask = 2147483647;
			files = (
				638603B01C1B35C3006C0E21 /* ViewController.swift in Sources */,
				638603AE1C1B35C3006C0E21 /* AppDelegate.swift in Sources */,
			);
			runOnlyForDeploymentPostprocessing = 0;
		};
/* End PBXSourcesBuildPhase section */

/* Begin PBXVariantGroup section */
		638603B11C1B35C3006C0E21 /* Main.storyboard */ = {
			isa = PBXVariantGroup;
			children = (
				638603B21C1B35C3006C0E21 /* Base */,
			);
			name = Main.storyboard;
			sourceTree = "<group>";
		};
		638603B61C1B35C3006C0E21 /* LaunchScreen.storyboard */ = {
			isa = PBXVariantGroup;
			children = (
				638603B71C1B35C3006C0E21 /* Base */,
			);
			name = LaunchScreen.storyboard;
			sourceTree = "<group>";
		};
/* End PBXVariantGroup section */

/* Begin XCBuildConfiguration section */
		638603BA1C1B35C3006C0E21 /* Debug */ = {
			isa = XCBuildConfiguration;
			buildSettings = {
				ALWAYS_SEARCH_USER_PATHS = NO;
				CLANG_CXX_LANGUAGE_STANDARD = "gnu++0x";
				CLANG_CXX_LIBRARY = "libc++";
				CLANG_ENABLE_MODULES = YES;
				CLANG_ENABLE_OBJC_ARC = YES;
				CLANG_WARN_BOOL_CONVERSION = YES;
				CLANG_WARN_CONSTANT_CONVERSION = YES;
				CLANG_WARN_DIRECT_OBJC_ISA_USAGE = YES_ERROR;
				CLANG_WARN_EMPTY_BODY = YES;
				CLANG_WARN_ENUM_CONVERSION = YES;
				CLANG_WARN_INT_CONVERSION = YES;
				CLANG_WARN_OBJC_ROOT_CLASS = YES_ERROR;
				CLANG_WARN_UNREACHABLE_CODE = YES;
				CLANG_WARN__DUPLICATE_METHOD_MATCH = YES;
				"CODE_SIGN_IDENTITY[sdk=iphoneos*]" = "iPhone Developer";
				COPY_PHASE_STRIP = NO;
				DEBUG_INFORMATION_FORMAT = dwarf;
				ENABLE_STRICT_OBJC_MSGSEND = YES;
				ENABLE_TESTABILITY = YES;
				GCC_C_LANGUAGE_STANDARD = gnu99;
				GCC_DYNAMIC_NO_PIC = NO;
				GCC_NO_COMMON_BLOCKS = YES;
				GCC_OPTIMIZATION_LEVEL = 0;
				GCC_PREPROCESSOR_DEFINITIONS = (
					"DEBUG=1",
					"$(inherited)",
				);
				GCC_WARN_64_TO_32_BIT_CONVERSION = YES;
				GCC_WARN_ABOUT_RETURN_TYPE = YES_ERROR;
				GCC_WARN_UNDECLARED_SELECTOR = YES;
				GCC_WARN_UNINITIALIZED_AUTOS = YES_AGGRESSIVE;
				GCC_WARN_UNUSED_FUNCTION = YES;
				GCC_WARN_UNUSED_VARIABLE = YES;
				IPHONEOS_DEPLOYMENT_TARGET = 9.1;
				MTL_ENABLE_DEBUG_INFO = YES;
				ONLY_ACTIVE_ARCH = YES;
				SDKROOT = iphoneos;
				SWIFT_OPTIMIZATION_LEVEL = "-Onone";
				TARGETED_DEVICE_FAMILY = "1,2";
			};
			name = Debug;
		};
		638603BB1C1B35C3006C0E21 /* Release */ = {
			isa = XCBuildConfiguration;
			buildSettings = {
				ALWAYS_SEARCH_USER_PATHS = NO;
				CLANG_CXX_LANGUAGE_STANDARD = "gnu++0x";
				CLANG_CXX_LIBRARY = "libc++";
				CLANG_ENABLE_MODULES = YES;
				CLANG_ENABLE_OBJC_ARC = YES;
				CLANG_WARN_BOOL_CONVERSION = YES;
				CLANG_WARN_CONSTANT_CONVERSION = YES;
				CLANG_WARN_DIRECT_OBJC_ISA_USAGE = YES_ERROR;
				CLANG_WARN_EMPTY_BODY = YES;
				CLANG_WARN_ENUM_CONVERSION = YES;
				CLANG_WARN_INT_CONVERSION = YES;
				CLANG_WARN_OBJC_ROOT_CLASS = YES_ERROR;
				CLANG_WARN_UNREACHABLE_CODE = YES;
				CLANG_WARN__DUPLICATE_METHOD_MATCH = YES;
				"CODE_SIGN_IDENTITY[sdk=iphoneos*]" = "iPhone Developer";
				COPY_PHASE_STRIP = NO;
				DEBUG_INFORMATION_FORMAT = "dwarf-with-dsym";
				ENABLE_NS_ASSERTIONS = NO;
				ENABLE_STRICT_OBJC_MSGSEND = YES;
				GCC_C_LANGUAGE_STANDARD = gnu99;
				GCC_NO_COMMON_BLOCKS = YES;
				GCC_WARN_64_TO_32_BIT_CONVERSION = YES;
				GCC_WARN_ABOUT_RETURN_TYPE = YES_ERROR;
				GCC_WARN_UNDECLARED_SELECTOR = YES;
				GCC_WARN_UNINITIALIZED_AUTOS = YES_AGGRESSIVE;
				GCC_WARN_UNUSED_FUNCTION = YES;
				GCC_WARN_UNUSED_VARIABLE = YES;
				IPHONEOS_DEPLOYMENT_TARGET = 9.1;
				MTL_ENABLE_DEBUG_INFO = NO;
				SDKROOT = iphoneos;
				TARGETED_DEVICE_FAMILY = "1,2";
				VALIDATE_PRODUCT = YES;
			};
			name = Release;
		};
		638603BD1C1B35C3006C0E21 /* Debug */ = {
			isa = XCBuildConfiguration;
			buildSettings = {
				ASSETCATALOG_COMPILER_APPICON_NAME = AppIcon;
				INFOPLIST_FILE = CreateTrip/Info.plist;
				LD_RUNPATH_SEARCH_PATHS = "$(inherited) @executable_path/Frameworks";
				PRODUCT_BUNDLE_IDENTIFIER = com.CreateTrip;
				PRODUCT_NAME = "$(TARGET_NAME)";
			};
			name = Debug;
		};
		638603BE1C1B35C3006C0E21 /* Release */ = {
			isa = XCBuildConfiguration;
			buildSettings = {
				ASSETCATALOG_COMPILER_APPICON_NAME = AppIcon;
				INFOPLIST_FILE = CreateTrip/Info.plist;
				LD_RUNPATH_SEARCH_PATHS = "$(inherited) @executable_path/Frameworks";
				PRODUCT_BUNDLE_IDENTIFIER = com.CreateTrip;
				PRODUCT_NAME = "$(TARGET_NAME)";
			};
			name = Release;
		};
/* End XCBuildConfiguration section */

/* Begin XCConfigurationList section */
		638603A51C1B35C3006C0E21 /* Build configuration list for PBXProject "CreateTrip" */ = {
			isa = XCConfigurationList;
			buildConfigurations = (
				638603BA1C1B35C3006C0E21 /* Debug */,
				638603BB1C1B35C3006C0E21 /* Release */,
			);
			defaultConfigurationIsVisible = 0;
			defaultConfigurationName = Release;
		};
		638603BC1C1B35C3006C0E21 /* Build configuration list for PBXNativeTarget "CreateTrip" */ = {
			isa = XCConfigurationList;
			buildConfigurations = (
				638603BD1C1B35C3006C0E21 /* Debug */,
				638603BE1C1B35C3006C0E21 /* Release */,
			);
			defaultConfigurationIsVisible = 0;
		};
/* End XCConfigurationList section */
	};
	rootObject = 638603A21C1B35C3006C0E21 /* Project object */;
}
