// !$*UTF8*$!
{
	archiveVersion = 1;
	classes = {
	};
	objectVersion = 46;
	objects = {

/* Begin PBXBuildFile section */
		6302735D1C18AF0600D6FE20 /* AppDelegate.swift in Sources */ = {isa = PBXBuildFile; fileRef = 6302735C1C18AF0600D6FE20 /* AppDelegate.swift */; };
		6302735F1C18AF0600D6FE20 /* ViewController.swift in Sources */ = {isa = PBXBuildFile; fileRef = 6302735E1C18AF0600D6FE20 /* ViewController.swift */; };
		630273621C18AF0600D6FE20 /* Main.storyboard in Resources */ = {isa = PBXBuildFile; fileRef = 630273601C18AF0600D6FE20 /* Main.storyboard */; };
		630273641C18AF0600D6FE20 /* Assets.xcassets in Resources */ = {isa = PBXBuildFile; fileRef = 630273631C18AF0600D6FE20 /* Assets.xcassets */; };
		630273671C18AF0600D6FE20 /* LaunchScreen.storyboard in Resources */ = {isa = PBXBuildFile; fileRef = 630273651C18AF0600D6FE20 /* LaunchScreen.storyboard */; };
		6313D5001C192C4F00396065 /* CityImageCell.swift in Sources */ = {isa = PBXBuildFile; fileRef = 6313D4FF1C192C4F00396065 /* CityImageCell.swift */; };
		6389E2241C19036100C71071 /* venice.jpg in Resources */ = {isa = PBXBuildFile; fileRef = 6389E2231C19036100C71071 /* venice.jpg */; };
		638A691F1C18F6660099072D /* QPX_EX_APIController.swift in Sources */ = {isa = PBXBuildFile; fileRef = 638A691E1C18F6660099072D /* QPX_EX_APIController.swift */; };
		638A69221C18F7BE0099072D /* FlightSearch.swift in Sources */ = {isa = PBXBuildFile; fileRef = 638A69211C18F7BE0099072D /* FlightSearch.swift */; };
/* End PBXBuildFile section */

/* Begin PBXFileReference section */
		630273591C18AF0600D6FE20 /* APITest.app */ = {isa = PBXFileReference; explicitFileType = wrapper.application; includeInIndex = 0; path = APITest.app; sourceTree = BUILT_PRODUCTS_DIR; };
		6302735C1C18AF0600D6FE20 /* AppDelegate.swift */ = {isa = PBXFileReference; lastKnownFileType = sourcecode.swift; path = AppDelegate.swift; sourceTree = "<group>"; };
		6302735E1C18AF0600D6FE20 /* ViewController.swift */ = {isa = PBXFileReference; lastKnownFileType = sourcecode.swift; path = ViewController.swift; sourceTree = "<group>"; };
		630273611C18AF0600D6FE20 /* Base */ = {isa = PBXFileReference; lastKnownFileType = file.storyboard; name = Base; path = Base.lproj/Main.storyboard; sourceTree = "<group>"; };
		630273631C18AF0600D6FE20 /* Assets.xcassets */ = {isa = PBXFileReference; lastKnownFileType = folder.assetcatalog; path = Assets.xcassets; sourceTree = "<group>"; };
		630273661C18AF0600D6FE20 /* Base */ = {isa = PBXFileReference; lastKnownFileType = file.storyboard; name = Base; path = Base.lproj/LaunchScreen.storyboard; sourceTree = "<group>"; };
		630273681C18AF0600D6FE20 /* Info.plist */ = {isa = PBXFileReference; lastKnownFileType = text.plist.xml; path = Info.plist; sourceTree = "<group>"; };
		6313D4FF1C192C4F00396065 /* CityImageCell.swift */ = {isa = PBXFileReference; fileEncoding = 4; lastKnownFileType = sourcecode.swift; path = CityImageCell.swift; sourceTree = "<group>"; };
		6389E2231C19036100C71071 /* venice.jpg */ = {isa = PBXFileReference; lastKnownFileType = image.jpeg; path = venice.jpg; sourceTree = "<group>"; };
		638A691E1C18F6660099072D /* QPX_EX_APIController.swift */ = {isa = PBXFileReference; fileEncoding = 4; lastKnownFileType = sourcecode.swift; path = QPX_EX_APIController.swift; sourceTree = "<group>"; };
		638A69211C18F7BE0099072D /* FlightSearch.swift */ = {isa = PBXFileReference; fileEncoding = 4; lastKnownFileType = sourcecode.swift; path = FlightSearch.swift; sourceTree = "<group>"; };
/* End PBXFileReference section */

/* Begin PBXFrameworksBuildPhase section */
		630273561C18AF0600D6FE20 /* Frameworks */ = {
			isa = PBXFrameworksBuildPhase;
			buildActionMask = 2147483647;
			files = (
			);
			runOnlyForDeploymentPostprocessing = 0;
		};
/* End PBXFrameworksBuildPhase section */

/* Begin PBXGroup section */
		630273501C18AF0600D6FE20 = {
			isa = PBXGroup;
			children = (
				6302735B1C18AF0600D6FE20 /* APITest */,
				6302735A1C18AF0600D6FE20 /* Products */,
			);
			sourceTree = "<group>";
		};
		6302735A1C18AF0600D6FE20 /* Products */ = {
			isa = PBXGroup;
			children = (
				630273591C18AF0600D6FE20 /* APITest.app */,
			);
			name = Products;
			sourceTree = "<group>";
		};
		6302735B1C18AF0600D6FE20 /* APITest */ = {
			isa = PBXGroup;
			children = (
				630273601C18AF0600D6FE20 /* Main.storyboard */,
				6302735E1C18AF0600D6FE20 /* ViewController.swift */,
				638A691E1C18F6660099072D /* QPX_EX_APIController.swift */,
				6313D4FF1C192C4F00396065 /* CityImageCell.swift */,
				638A69211C18F7BE0099072D /* FlightSearch.swift */,
				638A69201C18F6740099072D /* other */,
			);
			path = APITest;
			sourceTree = "<group>";
		};
		638A69201C18F6740099072D /* other */ = {
			isa = PBXGroup;
			children = (
				6389E2231C19036100C71071 /* venice.jpg */,
				6302735C1C18AF0600D6FE20 /* AppDelegate.swift */,
				630273631C18AF0600D6FE20 /* Assets.xcassets */,
				630273651C18AF0600D6FE20 /* LaunchScreen.storyboard */,
				630273681C18AF0600D6FE20 /* Info.plist */,
			);
			name = other;
			sourceTree = "<group>";
		};
/* End PBXGroup section */

/* Begin PBXNativeTarget section */
		630273581C18AF0600D6FE20 /* APITest */ = {
			isa = PBXNativeTarget;
			buildConfigurationList = 6302736B1C18AF0600D6FE20 /* Build configuration list for PBXNativeTarget "APITest" */;
			buildPhases = (
				630273551C18AF0600D6FE20 /* Sources */,
				630273561C18AF0600D6FE20 /* Frameworks */,
				630273571C18AF0600D6FE20 /* Resources */,
			);
			buildRules = (
			);
			dependencies = (
			);
			name = APITest;
			productName = APITest;
			productReference = 630273591C18AF0600D6FE20 /* APITest.app */;
			productType = "com.apple.product-type.application";
		};
/* End PBXNativeTarget section */

/* Begin PBXProject section */
		630273511C18AF0600D6FE20 /* Project object */ = {
			isa = PBXProject;
			attributes = {
				LastSwiftUpdateCheck = 0710;
				LastUpgradeCheck = 0710;
				ORGANIZATIONNAME = "The Iron Yard";
				TargetAttributes = {
					630273581C18AF0600D6FE20 = {
						CreatedOnToolsVersion = 7.1.1;
						DevelopmentTeam = 95P55J7Q5M;
					};
				};
			};
			buildConfigurationList = 630273541C18AF0600D6FE20 /* Build configuration list for PBXProject "APITest" */;
			compatibilityVersion = "Xcode 3.2";
			developmentRegion = English;
			hasScannedForEncodings = 0;
			knownRegions = (
				en,
				Base,
			);
			mainGroup = 630273501C18AF0600D6FE20;
			productRefGroup = 6302735A1C18AF0600D6FE20 /* Products */;
			projectDirPath = "";
			projectRoot = "";
			targets = (
				630273581C18AF0600D6FE20 /* APITest */,
			);
		};
/* End PBXProject section */

/* Begin PBXResourcesBuildPhase section */
		630273571C18AF0600D6FE20 /* Resources */ = {
			isa = PBXResourcesBuildPhase;
			buildActionMask = 2147483647;
			files = (
				630273671C18AF0600D6FE20 /* LaunchScreen.storyboard in Resources */,
				630273641C18AF0600D6FE20 /* Assets.xcassets in Resources */,
				630273621C18AF0600D6FE20 /* Main.storyboard in Resources */,
				6389E2241C19036100C71071 /* venice.jpg in Resources */,
			);
			runOnlyForDeploymentPostprocessing = 0;
		};
/* End PBXResourcesBuildPhase section */

/* Begin PBXSourcesBuildPhase section */
		630273551C18AF0600D6FE20 /* Sources */ = {
			isa = PBXSourcesBuildPhase;
			buildActionMask = 2147483647;
			files = (
				6302735F1C18AF0600D6FE20 /* ViewController.swift in Sources */,
				638A69221C18F7BE0099072D /* FlightSearch.swift in Sources */,
				6302735D1C18AF0600D6FE20 /* AppDelegate.swift in Sources */,
				638A691F1C18F6660099072D /* QPX_EX_APIController.swift in Sources */,
				6313D5001C192C4F00396065 /* CityImageCell.swift in Sources */,
			);
			runOnlyForDeploymentPostprocessing = 0;
		};
/* End PBXSourcesBuildPhase section */

/* Begin PBXVariantGroup section */
		630273601C18AF0600D6FE20 /* Main.storyboard */ = {
			isa = PBXVariantGroup;
			children = (
				630273611C18AF0600D6FE20 /* Base */,
			);
			name = Main.storyboard;
			sourceTree = "<group>";
		};
		630273651C18AF0600D6FE20 /* LaunchScreen.storyboard */ = {
			isa = PBXVariantGroup;
			children = (
				630273661C18AF0600D6FE20 /* Base */,
			);
			name = LaunchScreen.storyboard;
			sourceTree = "<group>";
		};
/* End PBXVariantGroup section */

/* Begin XCBuildConfiguration section */
		630273691C18AF0600D6FE20 /* Debug */ = {
			isa = XCBuildConfiguration;
			buildSettings = {
				ALWAYS_SEARCH_USER_PATHS = NO;
				CLANG_CXX_LANGUAGE_STANDARD = "gnu++0x";
				CLANG_CXX_LIBRARY = "libc++";
				CLANG_ENABLE_MODULES = YES;
				CLANG_ENABLE_OBJC_ARC = YES;
				CLANG_WARN_BOOL_CONVERSION = YES;
				CLANG_WARN_CONSTANT_CONVERSION = YES;
				CLANG_WARN_DIRECT_OBJC_ISA_USAGE = YES_ERROR;
				CLANG_WARN_EMPTY_BODY = YES;
				CLANG_WARN_ENUM_CONVERSION = YES;
				CLANG_WARN_INT_CONVERSION = YES;
				CLANG_WARN_OBJC_ROOT_CLASS = YES_ERROR;
				CLANG_WARN_UNREACHABLE_CODE = YES;
				CLANG_WARN__DUPLICATE_METHOD_MATCH = YES;
				"CODE_SIGN_IDENTITY[sdk=iphoneos*]" = "iPhone Developer";
				COPY_PHASE_STRIP = NO;
				DEBUG_INFORMATION_FORMAT = dwarf;
				ENABLE_STRICT_OBJC_MSGSEND = YES;
				ENABLE_TESTABILITY = YES;
				GCC_C_LANGUAGE_STANDARD = gnu99;
				GCC_DYNAMIC_NO_PIC = NO;
				GCC_NO_COMMON_BLOCKS = YES;
				GCC_OPTIMIZATION_LEVEL = 0;
				GCC_PREPROCESSOR_DEFINITIONS = (
					"DEBUG=1",
					"$(inherited)",
				);
				GCC_WARN_64_TO_32_BIT_CONVERSION = YES;
				GCC_WARN_ABOUT_RETURN_TYPE = YES_ERROR;
				GCC_WARN_UNDECLARED_SELECTOR = YES;
				GCC_WARN_UNINITIALIZED_AUTOS = YES_AGGRESSIVE;
				GCC_WARN_UNUSED_FUNCTION = YES;
				GCC_WARN_UNUSED_VARIABLE = YES;
				IPHONEOS_DEPLOYMENT_TARGET = 9.1;
				MTL_ENABLE_DEBUG_INFO = YES;
				ONLY_ACTIVE_ARCH = YES;
				SDKROOT = iphoneos;
				SWIFT_OPTIMIZATION_LEVEL = "-Onone";
				TARGETED_DEVICE_FAMILY = "1,2";
			};
			name = Debug;
		};
		6302736A1C18AF0600D6FE20 /* Release */ = {
			isa = XCBuildConfiguration;
			buildSettings = {
				ALWAYS_SEARCH_USER_PATHS = NO;
				CLANG_CXX_LANGUAGE_STANDARD = "gnu++0x";
				CLANG_CXX_LIBRARY = "libc++";
				CLANG_ENABLE_MODULES = YES;
				CLANG_ENABLE_OBJC_ARC = YES;
				CLANG_WARN_BOOL_CONVERSION = YES;
				CLANG_WARN_CONSTANT_CONVERSION = YES;
				CLANG_WARN_DIRECT_OBJC_ISA_USAGE = YES_ERROR;
				CLANG_WARN_EMPTY_BODY = YES;
				CLANG_WARN_ENUM_CONVERSION = YES;
				CLANG_WARN_INT_CONVERSION = YES;
				CLANG_WARN_OBJC_ROOT_CLASS = YES_ERROR;
				CLANG_WARN_UNREACHABLE_CODE = YES;
				CLANG_WARN__DUPLICATE_METHOD_MATCH = YES;
				"CODE_SIGN_IDENTITY[sdk=iphoneos*]" = "iPhone Developer";
				COPY_PHASE_STRIP = NO;
				DEBUG_INFORMATION_FORMAT = "dwarf-with-dsym";
				ENABLE_NS_ASSERTIONS = NO;
				ENABLE_STRICT_OBJC_MSGSEND = YES;
				GCC_C_LANGUAGE_STANDARD = gnu99;
				GCC_NO_COMMON_BLOCKS = YES;
				GCC_WARN_64_TO_32_BIT_CONVERSION = YES;
				GCC_WARN_ABOUT_RETURN_TYPE = YES_ERROR;
				GCC_WARN_UNDECLARED_SELECTOR = YES;
				GCC_WARN_UNINITIALIZED_AUTOS = YES_AGGRESSIVE;
				GCC_WARN_UNUSED_FUNCTION = YES;
				GCC_WARN_UNUSED_VARIABLE = YES;
				IPHONEOS_DEPLOYMENT_TARGET = 9.1;
				MTL_ENABLE_DEBUG_INFO = NO;
				SDKROOT = iphoneos;
				TARGETED_DEVICE_FAMILY = "1,2";
				VALIDATE_PRODUCT = YES;
			};
			name = Release;
		};
		6302736C1C18AF0600D6FE20 /* Debug */ = {
			isa = XCBuildConfiguration;
			buildSettings = {
				ASSETCATALOG_COMPILER_APPICON_NAME = AppIcon;
				INFOPLIST_FILE = APITest/Info.plist;
				LD_RUNPATH_SEARCH_PATHS = "$(inherited) @executable_path/Frameworks";
				PRODUCT_BUNDLE_IDENTIFIER = com.tiy.APITest;
				PRODUCT_NAME = "$(TARGET_NAME)";
			};
			name = Debug;
		};
		6302736D1C18AF0600D6FE20 /* Release */ = {
			isa = XCBuildConfiguration;
			buildSettings = {
				ASSETCATALOG_COMPILER_APPICON_NAME = AppIcon;
				INFOPLIST_FILE = APITest/Info.plist;
				LD_RUNPATH_SEARCH_PATHS = "$(inherited) @executable_path/Frameworks";
				PRODUCT_BUNDLE_IDENTIFIER = com.tiy.APITest;
				PRODUCT_NAME = "$(TARGET_NAME)";
			};
			name = Release;
		};
/* End XCBuildConfiguration section */

/* Begin XCConfigurationList section */
		630273541C18AF0600D6FE20 /* Build configuration list for PBXProject "APITest" */ = {
			isa = XCConfigurationList;
			buildConfigurations = (
				630273691C18AF0600D6FE20 /* Debug */,
				6302736A1C18AF0600D6FE20 /* Release */,
			);
			defaultConfigurationIsVisible = 0;
			defaultConfigurationName = Release;
		};
		6302736B1C18AF0600D6FE20 /* Build configuration list for PBXNativeTarget "APITest" */ = {
			isa = XCConfigurationList;
			buildConfigurations = (
				6302736C1C18AF0600D6FE20 /* Debug */,
				6302736D1C18AF0600D6FE20 /* Release */,
			);
			defaultConfigurationIsVisible = 0;
			defaultConfigurationName = Release;
		};
/* End XCConfigurationList section */
	};
	rootObject = 630273511C18AF0600D6FE20 /* Project object */;
}
